
Microsoft Visual Studio Solution File, Format Version 12.00
# Visual Studio 15
VisualStudioVersion = 15.0.26124.0
MinimumVisualStudioVersion = 15.0.26124.0
Project("{FAE04EC0-301F-11D3-BF4B-00C04F79EFBC}") = "Client", "Client\Client.csproj", "{BB4E39F1-FD16-4C7A-B99F-57E4A31B5A4F}"
EndProject
Project("{FAE04EC0-301F-11D3-BF4B-00C04F79EFBC}") = "Collector", "Collector\Collector.csproj", "{334C7087-C830-4CF4-9CEE-C8FECB0888AC}"
EndProject
Project("{FAE04EC0-301F-11D3-BF4B-00C04F79EFBC}") = "Admin", "Admin\Admin.csproj", "{A0454BFF-79F4-4DC6-AB6B-452DB013BF74}"
EndProject
Global
	GlobalSection(SolutionConfigurationPlatforms) = preSolution
		Debug|Any CPU = Debug|Any CPU
		Debug|x64 = Debug|x64
		Debug|x86 = Debug|x86
		Release|Any CPU = Release|Any CPU
		Release|x64 = Release|x64
		Release|x86 = Release|x86
	EndGlobalSection
	GlobalSection(SolutionProperties) = preSolution
		HideSolutionNode = FALSE
	EndGlobalSection
	GlobalSection(ProjectConfigurationPlatforms) = postSolution
		{BB4E39F1-FD16-4C7A-B99F-57E4A31B5A4F}.Debug|Any CPU.ActiveCfg = Debug|Any CPU
		{BB4E39F1-FD16-4C7A-B99F-57E4A31B5A4F}.Debug|Any CPU.Build.0 = Debug|Any CPU
		{BB4E39F1-FD16-4C7A-B99F-57E4A31B5A4F}.Debug|x64.ActiveCfg = Debug|Any CPU
		{BB4E39F1-FD16-4C7A-B99F-57E4A31B5A4F}.Debug|x64.Build.0 = Debug|Any CPU
		{BB4E39F1-FD16-4C7A-B99F-57E4A31B5A4F}.Debug|x86.ActiveCfg = Debug|Any CPU
		{BB4E39F1-FD16-4C7A-B99F-57E4A31B5A4F}.Debug|x86.Build.0 = Debug|Any CPU
		{BB4E39F1-FD16-4C7A-B99F-57E4A31B5A4F}.Release|Any CPU.ActiveCfg = Release|Any CPU
		{BB4E39F1-FD16-4C7A-B99F-57E4A31B5A4F}.Release|Any CPU.Build.0 = Release|Any CPU
		{BB4E39F1-FD16-4C7A-B99F-57E4A31B5A4F}.Release|x64.ActiveCfg = Release|Any CPU
		{BB4E39F1-FD16-4C7A-B99F-57E4A31B5A4F}.Release|x64.Build.0 = Release|Any CPU
		{BB4E39F1-FD16-4C7A-B99F-57E4A31B5A4F}.Release|x86.ActiveCfg = Release|Any CPU
		{BB4E39F1-FD16-4C7A-B99F-57E4A31B5A4F}.Release|x86.Build.0 = Release|Any CPU
		{334C7087-C830-4CF4-9CEE-C8FECB0888AC}.Debug|Any CPU.ActiveCfg = Debug|Any CPU
		{334C7087-C830-4CF4-9CEE-C8FECB0888AC}.Debug|Any CPU.Build.0 = Debug|Any CPU
		{334C7087-C830-4CF4-9CEE-C8FECB0888AC}.Debug|x64.ActiveCfg = Debug|Any CPU
		{334C7087-C830-4CF4-9CEE-C8FECB0888AC}.Debug|x64.Build.0 = Debug|Any CPU
		{334C7087-C830-4CF4-9CEE-C8FECB0888AC}.Debug|x86.ActiveCfg = Debug|Any CPU
		{334C7087-C830-4CF4-9CEE-C8FECB0888AC}.Debug|x86.Build.0 = Debug|Any CPU
		{334C7087-C830-4CF4-9CEE-C8FECB0888AC}.Release|Any CPU.ActiveCfg = Release|Any CPU
		{334C7087-C830-4CF4-9CEE-C8FECB0888AC}.Release|Any CPU.Build.0 = Release|Any CPU
		{334C7087-C830-4CF4-9CEE-C8FECB0888AC}.Release|x64.ActiveCfg = Release|Any CPU
		{334C7087-C830-4CF4-9CEE-C8FECB0888AC}.Release|x64.Build.0 = Release|Any CPU
		{334C7087-C830-4CF4-9CEE-C8FECB0888AC}.Release|x86.ActiveCfg = Release|Any CPU
		{334C7087-C830-4CF4-9CEE-C8FECB0888AC}.Release|x86.Build.0 = Release|Any CPU
		{A0454BFF-79F4-4DC6-AB6B-452DB013BF74}.Debug|Any CPU.ActiveCfg = Debug|Any CPU
		{A0454BFF-79F4-4DC6-AB6B-452DB013BF74}.Debug|Any CPU.Build.0 = Debug|Any CPU
		{A0454BFF-79F4-4DC6-AB6B-452DB013BF74}.Debug|x64.ActiveCfg = Debug|Any CPU
		{A0454BFF-79F4-4DC6-AB6B-452DB013BF74}.Debug|x64.Build.0 = Debug|Any CPU
		{A0454BFF-79F4-4DC6-AB6B-452DB013BF74}.Debug|x86.ActiveCfg = Debug|Any CPU
		{A0454BFF-79F4-4DC6-AB6B-452DB013BF74}.Debug|x86.Build.0 = Debug|Any CPU
		{A0454BFF-79F4-4DC6-AB6B-452DB013BF74}.Release|Any CPU.ActiveCfg = Release|Any CPU
		{A0454BFF-79F4-4DC6-AB6B-452DB013BF74}.Release|Any CPU.Build.0 = Release|Any CPU
		{A0454BFF-79F4-4DC6-AB6B-452DB013BF74}.Release|x64.ActiveCfg = Release|Any CPU
		{A0454BFF-79F4-4DC6-AB6B-452DB013BF74}.Release|x64.Build.0 = Release|Any CPU
		{A0454BFF-79F4-4DC6-AB6B-452DB013BF74}.Release|x86.ActiveCfg = Release|Any CPU
		{A0454BFF-79F4-4DC6-AB6B-452DB013BF74}.Release|x86.Build.0 = Release|Any CPU
	EndGlobalSection
EndGlobal
